// !$*UTF8*$!
{
	archiveVersion = 1;
	classes = {
	};
	objectVersion = 51;
	objects = {

/* Begin PBXBuildFile section */
		37D2A2F6EA8F83180DD8F8F8 /* Pods_FlixTests.framework in Frameworks */ = {isa = PBXBuildFile; fileRef = 9BED93492626EBAAA0D07926 /* Pods_FlixTests.framework */; };
		6E88368F41FB6EF00D4BF837 /* Pods_Flix.framework in Frameworks */ = {isa = PBXBuildFile; fileRef = 915ABD8FBB98631F6A96473D /* Pods_Flix.framework */; };
		B415CA54F6EEF16F663B2A27 /* Pods_FlixUITests.framework in Frameworks */ = {isa = PBXBuildFile; fileRef = B26C00A3B8D8BCAC58B6C622 /* Pods_FlixUITests.framework */; };
		CC82F20C25D702620015BEF5 /* AppDelegate.swift in Sources */ = {isa = PBXBuildFile; fileRef = CC82F20B25D702620015BEF5 /* AppDelegate.swift */; };
		CC82F20E25D702620015BEF5 /* SceneDelegate.swift in Sources */ = {isa = PBXBuildFile; fileRef = CC82F20D25D702620015BEF5 /* SceneDelegate.swift */; };
		CC82F21325D702630015BEF5 /* Main.storyboard in Resources */ = {isa = PBXBuildFile; fileRef = CC82F21125D702630015BEF5 /* Main.storyboard */; };
		CC82F21525D7026B0015BEF5 /* Assets.xcassets in Resources */ = {isa = PBXBuildFile; fileRef = CC82F21425D7026B0015BEF5 /* Assets.xcassets */; };
		CC82F21825D7026B0015BEF5 /* LaunchScreen.storyboard in Resources */ = {isa = PBXBuildFile; fileRef = CC82F21625D7026B0015BEF5 /* LaunchScreen.storyboard */; };
		CC82F22325D7026C0015BEF5 /* FlixTests.swift in Sources */ = {isa = PBXBuildFile; fileRef = CC82F22225D7026C0015BEF5 /* FlixTests.swift */; };
		CC82F22E25D7026D0015BEF5 /* FlixUITests.swift in Sources */ = {isa = PBXBuildFile; fileRef = CC82F22D25D7026D0015BEF5 /* FlixUITests.swift */; };
		CC82F24225D75E0F0015BEF5 /* MoviesViewController.swift in Sources */ = {isa = PBXBuildFile; fileRef = CC82F24125D75E0F0015BEF5 /* MoviesViewController.swift */; };
		CC82F24725D76E4A0015BEF5 /* MovieCell.swift in Sources */ = {isa = PBXBuildFile; fileRef = CC82F24625D76E490015BEF5 /* MovieCell.swift */; };
		CC82F29C25DB0B940015BEF5 /* MovieDetailsViewController.swift in Sources */ = {isa = PBXBuildFile; fileRef = CC82F29B25DB0B940015BEF5 /* MovieDetailsViewController.swift */; };
		CC82F2A125DB212D0015BEF5 /* MovieGridViewController.swift in Sources */ = {isa = PBXBuildFile; fileRef = CC82F2A025DB212D0015BEF5 /* MovieGridViewController.swift */; };
		CC82F2A625DB2CBE0015BEF5 /* MovieGridCell.swift in Sources */ = {isa = PBXBuildFile; fileRef = CC82F2A525DB2CBE0015BEF5 /* MovieGridCell.swift */; };
/* End PBXBuildFile section */

/* Begin PBXContainerItemProxy section */
		CC82F21F25D7026C0015BEF5 /* PBXContainerItemProxy */ = {
			isa = PBXContainerItemProxy;
			containerPortal = CC82F20025D702620015BEF5 /* Project object */;
			proxyType = 1;
			remoteGlobalIDString = CC82F20725D702620015BEF5;
			remoteInfo = Flix;
		};
		CC82F22A25D7026C0015BEF5 /* PBXContainerItemProxy */ = {
			isa = PBXContainerItemProxy;
			containerPortal = CC82F20025D702620015BEF5 /* Project object */;
			proxyType = 1;
			remoteGlobalIDString = CC82F20725D702620015BEF5;
			remoteInfo = Flix;
		};
/* End PBXContainerItemProxy section */

/* Begin PBXFileReference section */
		0384CD68DEEE6CAD63091C7D /* Pods-Flix.release.xcconfig */ = {isa = PBXFileReference; includeInIndex = 1; lastKnownFileType = text.xcconfig; name = "Pods-Flix.release.xcconfig"; path = "Pods/Target Support Files/Pods-Flix/Pods-Flix.release.xcconfig"; sourceTree = "<group>"; };
		1F01B1E4C15D2B5B25E1DBF4 /* Pods-FlixUITests.release.xcconfig */ = {isa = PBXFileReference; includeInIndex = 1; lastKnownFileType = text.xcconfig; name = "Pods-FlixUITests.release.xcconfig"; path = "Pods/Target Support Files/Pods-FlixUITests/Pods-FlixUITests.release.xcconfig"; sourceTree = "<group>"; };
		420A386A47A07FB5158D73D3 /* Pods-FlixTests.debug.xcconfig */ = {isa = PBXFileReference; includeInIndex = 1; lastKnownFileType = text.xcconfig; name = "Pods-FlixTests.debug.xcconfig"; path = "Pods/Target Support Files/Pods-FlixTests/Pods-FlixTests.debug.xcconfig"; sourceTree = "<group>"; };
		4E1506FC911EC86F3E3DEB69 /* Pods-FlixTests.release.xcconfig */ = {isa = PBXFileReference; includeInIndex = 1; lastKnownFileType = text.xcconfig; name = "Pods-FlixTests.release.xcconfig"; path = "Pods/Target Support Files/Pods-FlixTests/Pods-FlixTests.release.xcconfig"; sourceTree = "<group>"; };
		915ABD8FBB98631F6A96473D /* Pods_Flix.framework */ = {isa = PBXFileReference; explicitFileType = wrapper.framework; includeInIndex = 0; path = Pods_Flix.framework; sourceTree = BUILT_PRODUCTS_DIR; };
		9BED93492626EBAAA0D07926 /* Pods_FlixTests.framework */ = {isa = PBXFileReference; explicitFileType = wrapper.framework; includeInIndex = 0; path = Pods_FlixTests.framework; sourceTree = BUILT_PRODUCTS_DIR; };
		B26C00A3B8D8BCAC58B6C622 /* Pods_FlixUITests.framework */ = {isa = PBXFileReference; explicitFileType = wrapper.framework; includeInIndex = 0; path = Pods_FlixUITests.framework; sourceTree = BUILT_PRODUCTS_DIR; };
		CC82F20825D702620015BEF5 /* Flix.app */ = {isa = PBXFileReference; explicitFileType = wrapper.application; includeInIndex = 0; path = Flix.app; sourceTree = BUILT_PRODUCTS_DIR; };
		CC82F20B25D702620015BEF5 /* AppDelegate.swift */ = {isa = PBXFileReference; lastKnownFileType = sourcecode.swift; path = AppDelegate.swift; sourceTree = "<group>"; };
		CC82F20D25D702620015BEF5 /* SceneDelegate.swift */ = {isa = PBXFileReference; lastKnownFileType = sourcecode.swift; path = SceneDelegate.swift; sourceTree = "<group>"; };
		CC82F21225D702630015BEF5 /* Base */ = {isa = PBXFileReference; lastKnownFileType = file.storyboard; name = Base; path = Base.lproj/Main.storyboard; sourceTree = "<group>"; };
		CC82F21425D7026B0015BEF5 /* Assets.xcassets */ = {isa = PBXFileReference; lastKnownFileType = folder.assetcatalog; path = Assets.xcassets; sourceTree = "<group>"; };
		CC82F21725D7026B0015BEF5 /* Base */ = {isa = PBXFileReference; lastKnownFileType = file.storyboard; name = Base; path = Base.lproj/LaunchScreen.storyboard; sourceTree = "<group>"; };
		CC82F21925D7026B0015BEF5 /* Info.plist */ = {isa = PBXFileReference; lastKnownFileType = text.plist.xml; path = Info.plist; sourceTree = "<group>"; };
		CC82F21E25D7026C0015BEF5 /* FlixTests.xctest */ = {isa = PBXFileReference; explicitFileType = wrapper.cfbundle; includeInIndex = 0; path = FlixTests.xctest; sourceTree = BUILT_PRODUCTS_DIR; };
		CC82F22225D7026C0015BEF5 /* FlixTests.swift */ = {isa = PBXFileReference; lastKnownFileType = sourcecode.swift; path = FlixTests.swift; sourceTree = "<group>"; };
		CC82F22425D7026C0015BEF5 /* Info.plist */ = {isa = PBXFileReference; lastKnownFileType = text.plist.xml; path = Info.plist; sourceTree = "<group>"; };
		CC82F22925D7026C0015BEF5 /* FlixUITests.xctest */ = {isa = PBXFileReference; explicitFileType = wrapper.cfbundle; includeInIndex = 0; path = FlixUITests.xctest; sourceTree = BUILT_PRODUCTS_DIR; };
		CC82F22D25D7026D0015BEF5 /* FlixUITests.swift */ = {isa = PBXFileReference; lastKnownFileType = sourcecode.swift; path = FlixUITests.swift; sourceTree = "<group>"; };
		CC82F22F25D7026D0015BEF5 /* Info.plist */ = {isa = PBXFileReference; lastKnownFileType = text.plist.xml; path = Info.plist; sourceTree = "<group>"; };
		CC82F24125D75E0F0015BEF5 /* MoviesViewController.swift */ = {isa = PBXFileReference; lastKnownFileType = sourcecode.swift; path = MoviesViewController.swift; sourceTree = "<group>"; };
		CC82F24625D76E490015BEF5 /* MovieCell.swift */ = {isa = PBXFileReference; lastKnownFileType = sourcecode.swift; path = MovieCell.swift; sourceTree = "<group>"; };
		CC82F29B25DB0B940015BEF5 /* MovieDetailsViewController.swift */ = {isa = PBXFileReference; lastKnownFileType = sourcecode.swift; path = MovieDetailsViewController.swift; sourceTree = "<group>"; };
		CC82F2A025DB212D0015BEF5 /* MovieGridViewController.swift */ = {isa = PBXFileReference; lastKnownFileType = sourcecode.swift; path = MovieGridViewController.swift; sourceTree = "<group>"; };
		CC82F2A525DB2CBE0015BEF5 /* MovieGridCell.swift */ = {isa = PBXFileReference; lastKnownFileType = sourcecode.swift; path = MovieGridCell.swift; sourceTree = "<group>"; };
		D0CE34C5964BCDA1440C348D /* Pods-FlixUITests.debug.xcconfig */ = {isa = PBXFileReference; includeInIndex = 1; lastKnownFileType = text.xcconfig; name = "Pods-FlixUITests.debug.xcconfig"; path = "Pods/Target Support Files/Pods-FlixUITests/Pods-FlixUITests.debug.xcconfig"; sourceTree = "<group>"; };
		E6C49ECCAB2D4113C4531E22 /* Pods-Flix.debug.xcconfig */ = {isa = PBXFileReference; includeInIndex = 1; lastKnownFileType = text.xcconfig; name = "Pods-Flix.debug.xcconfig"; path = "Pods/Target Support Files/Pods-Flix/Pods-Flix.debug.xcconfig"; sourceTree = "<group>"; };
/* End PBXFileReference section */

/* Begin PBXFrameworksBuildPhase section */
		CC82F20525D702620015BEF5 /* Frameworks */ = {
			isa = PBXFrameworksBuildPhase;
			buildActionMask = 2147483647;
			files = (
				6E88368F41FB6EF00D4BF837 /* Pods_Flix.framework in Frameworks */,
			);
			runOnlyForDeploymentPostprocessing = 0;
		};
		CC82F21B25D7026C0015BEF5 /* Frameworks */ = {
			isa = PBXFrameworksBuildPhase;
			buildActionMask = 2147483647;
			files = (
				37D2A2F6EA8F83180DD8F8F8 /* Pods_FlixTests.framework in Frameworks */,
			);
			runOnlyForDeploymentPostprocessing = 0;
		};
		CC82F22625D7026C0015BEF5 /* Frameworks */ = {
			isa = PBXFrameworksBuildPhase;
			buildActionMask = 2147483647;
			files = (
				B415CA54F6EEF16F663B2A27 /* Pods_FlixUITests.framework in Frameworks */,
			);
			runOnlyForDeploymentPostprocessing = 0;
		};
/* End PBXFrameworksBuildPhase section */

/* Begin PBXGroup section */
		50BB8F424BA68048B2FCA69C /* Pods */ = {
			isa = PBXGroup;
			children = (
				E6C49ECCAB2D4113C4531E22 /* Pods-Flix.debug.xcconfig */,
				0384CD68DEEE6CAD63091C7D /* Pods-Flix.release.xcconfig */,
				420A386A47A07FB5158D73D3 /* Pods-FlixTests.debug.xcconfig */,
				4E1506FC911EC86F3E3DEB69 /* Pods-FlixTests.release.xcconfig */,
				D0CE34C5964BCDA1440C348D /* Pods-FlixUITests.debug.xcconfig */,
				1F01B1E4C15D2B5B25E1DBF4 /* Pods-FlixUITests.release.xcconfig */,
			);
			name = Pods;
			sourceTree = "<group>";
		};
		CC82F1FF25D702620015BEF5 = {
			isa = PBXGroup;
			children = (
				CC82F20A25D702620015BEF5 /* Flix */,
				CC82F22125D7026C0015BEF5 /* FlixTests */,
				CC82F22C25D7026D0015BEF5 /* FlixUITests */,
				CC82F20925D702620015BEF5 /* Products */,
				50BB8F424BA68048B2FCA69C /* Pods */,
				FA8791DFB0F59A656C5867B5 /* Frameworks */,
			);
			sourceTree = "<group>";
		};
		CC82F20925D702620015BEF5 /* Products */ = {
			isa = PBXGroup;
			children = (
				CC82F20825D702620015BEF5 /* Flix.app */,
				CC82F21E25D7026C0015BEF5 /* FlixTests.xctest */,
				CC82F22925D7026C0015BEF5 /* FlixUITests.xctest */,
			);
			name = Products;
			sourceTree = "<group>";
		};
		CC82F20A25D702620015BEF5 /* Flix */ = {
			isa = PBXGroup;
			children = (
				CC82F20B25D702620015BEF5 /* AppDelegate.swift */,
				CC82F20D25D702620015BEF5 /* SceneDelegate.swift */,
				CC82F21125D702630015BEF5 /* Main.storyboard */,
				CC82F29B25DB0B940015BEF5 /* MovieDetailsViewController.swift */,
				CC82F21425D7026B0015BEF5 /* Assets.xcassets */,
				CC82F21625D7026B0015BEF5 /* LaunchScreen.storyboard */,
				CC82F21925D7026B0015BEF5 /* Info.plist */,
				CC82F24125D75E0F0015BEF5 /* MoviesViewController.swift */,
				CC82F24625D76E490015BEF5 /* MovieCell.swift */,
				CC82F2A025DB212D0015BEF5 /* MovieGridViewController.swift */,
				CC82F2A525DB2CBE0015BEF5 /* MovieGridCell.swift */,
			);
			path = Flix;
			sourceTree = "<group>";
		};
		CC82F22125D7026C0015BEF5 /* FlixTests */ = {
			isa = PBXGroup;
			children = (
				CC82F22225D7026C0015BEF5 /* FlixTests.swift */,
				CC82F22425D7026C0015BEF5 /* Info.plist */,
			);
			path = FlixTests;
			sourceTree = "<group>";
		};
		CC82F22C25D7026D0015BEF5 /* FlixUITests */ = {
			isa = PBXGroup;
			children = (
				CC82F22D25D7026D0015BEF5 /* FlixUITests.swift */,
				CC82F22F25D7026D0015BEF5 /* Info.plist */,
			);
			path = FlixUITests;
			sourceTree = "<group>";
		};
		FA8791DFB0F59A656C5867B5 /* Frameworks */ = {
			isa = PBXGroup;
			children = (
				915ABD8FBB98631F6A96473D /* Pods_Flix.framework */,
				9BED93492626EBAAA0D07926 /* Pods_FlixTests.framework */,
				B26C00A3B8D8BCAC58B6C622 /* Pods_FlixUITests.framework */,
			);
			name = Frameworks;
			sourceTree = "<group>";
		};
/* End PBXGroup section */

/* Begin PBXNativeTarget section */
		CC82F20725D702620015BEF5 /* Flix */ = {
			isa = PBXNativeTarget;
			buildConfigurationList = CC82F23225D7026D0015BEF5 /* Build configuration list for PBXNativeTarget "Flix" */;
			buildPhases = (
				2CA710E48BB148281066D735 /* [CP] Check Pods Manifest.lock */,
				CC82F20425D702620015BEF5 /* Sources */,
				CC82F20525D702620015BEF5 /* Frameworks */,
				CC82F20625D702620015BEF5 /* Resources */,
				EDE90B2E3BA576B7FE14AAF7 /* [CP] Embed Pods Frameworks */,
			);
			buildRules = (
			);
			dependencies = (
			);
			name = Flix;
			productName = Flix;
			productReference = CC82F20825D702620015BEF5 /* Flix.app */;
			productType = "com.apple.product-type.application";
		};
		CC82F21D25D7026C0015BEF5 /* FlixTests */ = {
			isa = PBXNativeTarget;
			buildConfigurationList = CC82F23525D7026D0015BEF5 /* Build configuration list for PBXNativeTarget "FlixTests" */;
			buildPhases = (
				8CE86C13FA4667432107F127 /* [CP] Check Pods Manifest.lock */,
				CC82F21A25D7026C0015BEF5 /* Sources */,
				CC82F21B25D7026C0015BEF5 /* Frameworks */,
				CC82F21C25D7026C0015BEF5 /* Resources */,
			);
			buildRules = (
			);
			dependencies = (
				CC82F22025D7026C0015BEF5 /* PBXTargetDependency */,
			);
			name = FlixTests;
			productName = FlixTests;
			productReference = CC82F21E25D7026C0015BEF5 /* FlixTests.xctest */;
			productType = "com.apple.product-type.bundle.unit-test";
		};
		CC82F22825D7026C0015BEF5 /* FlixUITests */ = {
			isa = PBXNativeTarget;
			buildConfigurationList = CC82F23825D7026D0015BEF5 /* Build configuration list for PBXNativeTarget "FlixUITests" */;
			buildPhases = (
				CA8D90ACE4DF0D3D5B9CB720 /* [CP] Check Pods Manifest.lock */,
				CC82F22525D7026C0015BEF5 /* Sources */,
				CC82F22625D7026C0015BEF5 /* Frameworks */,
				CC82F22725D7026C0015BEF5 /* Resources */,
			);
			buildRules = (
			);
			dependencies = (
				CC82F22B25D7026C0015BEF5 /* PBXTargetDependency */,
			);
			name = FlixUITests;
			productName = FlixUITests;
			productReference = CC82F22925D7026C0015BEF5 /* FlixUITests.xctest */;
			productType = "com.apple.product-type.bundle.ui-testing";
		};
/* End PBXNativeTarget section */

/* Begin PBXProject section */
		CC82F20025D702620015BEF5 /* Project object */ = {
			isa = PBXProject;
			attributes = {
				LastSwiftUpdateCheck = 1240;
				LastUpgradeCheck = 1240;
				TargetAttributes = {
					CC82F20725D702620015BEF5 = {
						CreatedOnToolsVersion = 12.4;
					};
					CC82F21D25D7026C0015BEF5 = {
						CreatedOnToolsVersion = 12.4;
						TestTargetID = CC82F20725D702620015BEF5;
					};
					CC82F22825D7026C0015BEF5 = {
						CreatedOnToolsVersion = 12.4;
						TestTargetID = CC82F20725D702620015BEF5;
					};
				};
			};
			buildConfigurationList = CC82F20325D702620015BEF5 /* Build configuration list for PBXProject "Flix" */;
			compatibilityVersion = "Xcode 9.3";
			developmentRegion = en;
			hasScannedForEncodings = 0;
			knownRegions = (
				en,
				Base,
			);
			mainGroup = CC82F1FF25D702620015BEF5;
			productRefGroup = CC82F20925D702620015BEF5 /* Products */;
			projectDirPath = "";
			projectRoot = "";
			targets = (
				CC82F20725D702620015BEF5 /* Flix */,
				CC82F21D25D7026C0015BEF5 /* FlixTests */,
				CC82F22825D7026C0015BEF5 /* FlixUITests */,
			);
		};
/* End PBXProject section */

/* Begin PBXResourcesBuildPhase section */
		CC82F20625D702620015BEF5 /* Resources */ = {
			isa = PBXResourcesBuildPhase;
			buildActionMask = 2147483647;
			files = (
				CC82F21825D7026B0015BEF5 /* LaunchScreen.storyboard in Resources */,
				CC82F21525D7026B0015BEF5 /* Assets.xcassets in Resources */,
				CC82F21325D702630015BEF5 /* Main.storyboard in Resources */,
			);
			runOnlyForDeploymentPostprocessing = 0;
		};
		CC82F21C25D7026C0015BEF5 /* Resources */ = {
			isa = PBXResourcesBuildPhase;
			buildActionMask = 2147483647;
			files = (
			);
			runOnlyForDeploymentPostprocessing = 0;
		};
		CC82F22725D7026C0015BEF5 /* Resources */ = {
			isa = PBXResourcesBuildPhase;
			buildActionMask = 2147483647;
			files = (
			);
			runOnlyForDeploymentPostprocessing = 0;
		};
/* End PBXResourcesBuildPhase section */

/* Begin PBXShellScriptBuildPhase section */
		2CA710E48BB148281066D735 /* [CP] Check Pods Manifest.lock */ = {
			isa = PBXShellScriptBuildPhase;
			buildActionMask = 2147483647;
			files = (
			);
			inputPaths = (
				"${PODS_PODFILE_DIR_PATH}/Podfile.lock",
				"${PODS_ROOT}/Manifest.lock",
			);
			name = "[CP] Check Pods Manifest.lock";
			outputPaths = (
				"$(DERIVED_FILE_DIR)/Pods-Flix-checkManifestLockResult.txt",
			);
			runOnlyForDeploymentPostprocessing = 0;
			shellPath = /bin/sh;
			shellScript = "diff \"${PODS_PODFILE_DIR_PATH}/Podfile.lock\" \"${PODS_ROOT}/Manifest.lock\" > /dev/null\nif [ $? != 0 ] ; then\n    # print error to STDERR\n    echo \"error: The sandbox is not in sync with the Podfile.lock. Run 'pod install' or update your CocoaPods installation.\" >&2\n    exit 1\nfi\n# This output is used by Xcode 'outputs' to avoid re-running this script phase.\necho \"SUCCESS\" > \"${SCRIPT_OUTPUT_FILE_0}\"\n";
			showEnvVarsInLog = 0;
		};
		8CE86C13FA4667432107F127 /* [CP] Check Pods Manifest.lock */ = {
			isa = PBXShellScriptBuildPhase;
			buildActionMask = 2147483647;
			files = (
			);
			inputPaths = (
				"${PODS_PODFILE_DIR_PATH}/Podfile.lock",
				"${PODS_ROOT}/Manifest.lock",
			);
			name = "[CP] Check Pods Manifest.lock";
			outputPaths = (
				"$(DERIVED_FILE_DIR)/Pods-FlixTests-checkManifestLockResult.txt",
			);
			runOnlyForDeploymentPostprocessing = 0;
			shellPath = /bin/sh;
			shellScript = "diff \"${PODS_PODFILE_DIR_PATH}/Podfile.lock\" \"${PODS_ROOT}/Manifest.lock\" > /dev/null\nif [ $? != 0 ] ; then\n    # print error to STDERR\n    echo \"error: The sandbox is not in sync with the Podfile.lock. Run 'pod install' or update your CocoaPods installation.\" >&2\n    exit 1\nfi\n# This output is used by Xcode 'outputs' to avoid re-running this script phase.\necho \"SUCCESS\" > \"${SCRIPT_OUTPUT_FILE_0}\"\n";
			showEnvVarsInLog = 0;
		};
		CA8D90ACE4DF0D3D5B9CB720 /* [CP] Check Pods Manifest.lock */ = {
			isa = PBXShellScriptBuildPhase;
			buildActionMask = 2147483647;
			files = (
			);
			inputPaths = (
				"${PODS_PODFILE_DIR_PATH}/Podfile.lock",
				"${PODS_ROOT}/Manifest.lock",
			);
			name = "[CP] Check Pods Manifest.lock";
			outputPaths = (
				"$(DERIVED_FILE_DIR)/Pods-FlixUITests-checkManifestLockResult.txt",
			);
			runOnlyForDeploymentPostprocessing = 0;
			shellPath = /bin/sh;
			shellScript = "diff \"${PODS_PODFILE_DIR_PATH}/Podfile.lock\" \"${PODS_ROOT}/Manifest.lock\" > /dev/null\nif [ $? != 0 ] ; then\n    # print error to STDERR\n    echo \"error: The sandbox is not in sync with the Podfile.lock. Run 'pod install' or update your CocoaPods installation.\" >&2\n    exit 1\nfi\n# This output is used by Xcode 'outputs' to avoid re-running this script phase.\necho \"SUCCESS\" > \"${SCRIPT_OUTPUT_FILE_0}\"\n";
			showEnvVarsInLog = 0;
		};
		EDE90B2E3BA576B7FE14AAF7 /* [CP] Embed Pods Frameworks */ = {
			isa = PBXShellScriptBuildPhase;
			buildActionMask = 2147483647;
			files = (
			);
			inputFileListPaths = (
				"${PODS_ROOT}/Target Support Files/Pods-Flix/Pods-Flix-frameworks-${CONFIGURATION}-input-files.xcfilelist",
			);
			name = "[CP] Embed Pods Frameworks";
			outputFileListPaths = (
				"${PODS_ROOT}/Target Support Files/Pods-Flix/Pods-Flix-frameworks-${CONFIGURATION}-output-files.xcfilelist",
			);
			runOnlyForDeploymentPostprocessing = 0;
			shellPath = /bin/sh;
			shellScript = "\"${PODS_ROOT}/Target Support Files/Pods-Flix/Pods-Flix-frameworks.sh\"\n";
			showEnvVarsInLog = 0;
		};
/* End PBXShellScriptBuildPhase section */

/* Begin PBXSourcesBuildPhase section */
		CC82F20425D702620015BEF5 /* Sources */ = {
			isa = PBXSourcesBuildPhase;
			buildActionMask = 2147483647;
			files = (
				CC82F29C25DB0B940015BEF5 /* MovieDetailsViewController.swift in Sources */,
				CC82F20C25D702620015BEF5 /* AppDelegate.swift in Sources */,
				CC82F20E25D702620015BEF5 /* SceneDelegate.swift in Sources */,
				CC82F24725D76E4A0015BEF5 /* MovieCell.swift in Sources */,
				CC82F24225D75E0F0015BEF5 /* MoviesViewController.swift in Sources */,
				CC82F2A125DB212D0015BEF5 /* MovieGridViewController.swift in Sources */,
				CC82F2A625DB2CBE0015BEF5 /* MovieGridCell.swift in Sources */,
			);
			runOnlyForDeploymentPostprocessing = 0;
		};
		CC82F21A25D7026C0015BEF5 /* Sources */ = {
			isa = PBXSourcesBuildPhase;
			buildActionMask = 2147483647;
			files = (
				CC82F22325D7026C0015BEF5 /* FlixTests.swift in Sources */,
			);
			runOnlyForDeploymentPostprocessing = 0;
		};
		CC82F22525D7026C0015BEF5 /* Sources */ = {
			isa = PBXSourcesBuildPhase;
			buildActionMask = 2147483647;
			files = (
				CC82F22E25D7026D0015BEF5 /* FlixUITests.swift in Sources */,
			);
			runOnlyForDeploymentPostprocessing = 0;
		};
/* End PBXSourcesBuildPhase section */

/* Begin PBXTargetDependency section */
		CC82F22025D7026C0015BEF5 /* PBXTargetDependency */ = {
			isa = PBXTargetDependency;
			target = CC82F20725D702620015BEF5 /* Flix */;
			targetProxy = CC82F21F25D7026C0015BEF5 /* PBXContainerItemProxy */;
		};
		CC82F22B25D7026C0015BEF5 /* PBXTargetDependency */ = {
			isa = PBXTargetDependency;
			target = CC82F20725D702620015BEF5 /* Flix */;
			targetProxy = CC82F22A25D7026C0015BEF5 /* PBXContainerItemProxy */;
		};
/* End PBXTargetDependency section */

/* Begin PBXVariantGroup section */
		CC82F21125D702630015BEF5 /* Main.storyboard */ = {
			isa = PBXVariantGroup;
			children = (
				CC82F21225D702630015BEF5 /* Base */,
			);
			name = Main.storyboard;
			sourceTree = "<group>";
		};
		CC82F21625D7026B0015BEF5 /* LaunchScreen.storyboard */ = {
			isa = PBXVariantGroup;
			children = (
				CC82F21725D7026B0015BEF5 /* Base */,
			);
			name = LaunchScreen.storyboard;
			sourceTree = "<group>";
		};
/* End PBXVariantGroup section */

/* Begin XCBuildConfiguration section */
		CC82F23025D7026D0015BEF5 /* Debug */ = {
			isa = XCBuildConfiguration;
			buildSettings = {
				ALWAYS_SEARCH_USER_PATHS = NO;
				CLANG_ANALYZER_NONNULL = YES;
				CLANG_ANALYZER_NUMBER_OBJECT_CONVERSION = YES_AGGRESSIVE;
				CLANG_CXX_LANGUAGE_STANDARD = "gnu++14";
				CLANG_CXX_LIBRARY = "libc++";
				CLANG_ENABLE_MODULES = YES;
				CLANG_ENABLE_OBJC_ARC = YES;
				CLANG_ENABLE_OBJC_WEAK = YES;
				CLANG_WARN_BLOCK_CAPTURE_AUTORELEASING = YES;
				CLANG_WARN_BOOL_CONVERSION = YES;
				CLANG_WARN_COMMA = YES;
				CLANG_WARN_CONSTANT_CONVERSION = YES;
				CLANG_WARN_DEPRECATED_OBJC_IMPLEMENTATIONS = YES;
				CLANG_WARN_DIRECT_OBJC_ISA_USAGE = YES_ERROR;
				CLANG_WARN_DOCUMENTATION_COMMENTS = YES;
				CLANG_WARN_EMPTY_BODY = YES;
				CLANG_WARN_ENUM_CONVERSION = YES;
				CLANG_WARN_INFINITE_RECURSION = YES;
				CLANG_WARN_INT_CONVERSION = YES;
				CLANG_WARN_NON_LITERAL_NULL_CONVERSION = YES;
				CLANG_WARN_OBJC_IMPLICIT_RETAIN_SELF = YES;
				CLANG_WARN_OBJC_LITERAL_CONVERSION = YES;
				CLANG_WARN_OBJC_ROOT_CLASS = YES_ERROR;
				CLANG_WARN_QUOTED_INCLUDE_IN_FRAMEWORK_HEADER = YES;
				CLANG_WARN_RANGE_LOOP_ANALYSIS = YES;
				CLANG_WARN_STRICT_PROTOTYPES = YES;
				CLANG_WARN_SUSPICIOUS_MOVE = YES;
				CLANG_WARN_UNGUARDED_AVAILABILITY = YES_AGGRESSIVE;
				CLANG_WARN_UNREACHABLE_CODE = YES;
				CLANG_WARN__DUPLICATE_METHOD_MATCH = YES;
				COPY_PHASE_STRIP = NO;
				DEBUG_INFORMATION_FORMAT = dwarf;
				ENABLE_STRICT_OBJC_MSGSEND = YES;
				ENABLE_TESTABILITY = YES;
				GCC_C_LANGUAGE_STANDARD = gnu11;
				GCC_DYNAMIC_NO_PIC = NO;
				GCC_NO_COMMON_BLOCKS = YES;
				GCC_OPTIMIZATION_LEVEL = 0;
				GCC_PREPROCESSOR_DEFINITIONS = (
					"DEBUG=1",
					"$(inherited)",
				);
				GCC_WARN_64_TO_32_BIT_CONVERSION = YES;
				GCC_WARN_ABOUT_RETURN_TYPE = YES_ERROR;
				GCC_WARN_UNDECLARED_SELECTOR = YES;
				GCC_WARN_UNINITIALIZED_AUTOS = YES_AGGRESSIVE;
				GCC_WARN_UNUSED_FUNCTION = YES;
				GCC_WARN_UNUSED_VARIABLE = YES;
				IPHONEOS_DEPLOYMENT_TARGET = 14.4;
				MTL_ENABLE_DEBUG_INFO = INCLUDE_SOURCE;
				MTL_FAST_MATH = YES;
				ONLY_ACTIVE_ARCH = YES;
				SDKROOT = iphoneos;
				SWIFT_ACTIVE_COMPILATION_CONDITIONS = DEBUG;
				SWIFT_OPTIMIZATION_LEVEL = "-Onone";
			};
			name = Debug;
		};
		CC82F23125D7026D0015BEF5 /* Release */ = {
			isa = XCBuildConfiguration;
			buildSettings = {
				ALWAYS_SEARCH_USER_PATHS = NO;
				CLANG_ANALYZER_NONNULL = YES;
				CLANG_ANALYZER_NUMBER_OBJECT_CONVERSION = YES_AGGRESSIVE;
				CLANG_CXX_LANGUAGE_STANDARD = "gnu++14";
				CLANG_CXX_LIBRARY = "libc++";
				CLANG_ENABLE_MODULES = YES;
				CLANG_ENABLE_OBJC_ARC = YES;
				CLANG_ENABLE_OBJC_WEAK = YES;
				CLANG_WARN_BLOCK_CAPTURE_AUTORELEASING = YES;
				CLANG_WARN_BOOL_CONVERSION = YES;
				CLANG_WARN_COMMA = YES;
				CLANG_WARN_CONSTANT_CONVERSION = YES;
				CLANG_WARN_DEPRECATED_OBJC_IMPLEMENTATIONS = YES;
				CLANG_WARN_DIRECT_OBJC_ISA_USAGE = YES_ERROR;
				CLANG_WARN_DOCUMENTATION_COMMENTS = YES;
				CLANG_WARN_EMPTY_BODY = YES;
				CLANG_WARN_ENUM_CONVERSION = YES;
				CLANG_WARN_INFINITE_RECURSION = YES;
				CLANG_WARN_INT_CONVERSION = YES;
				CLANG_WARN_NON_LITERAL_NULL_CONVERSION = YES;
				CLANG_WARN_OBJC_IMPLICIT_RETAIN_SELF = YES;
				CLANG_WARN_OBJC_LITERAL_CONVERSION = YES;
				CLANG_WARN_OBJC_ROOT_CLASS = YES_ERROR;
				CLANG_WARN_QUOTED_INCLUDE_IN_FRAMEWORK_HEADER = YES;
				CLANG_WARN_RANGE_LOOP_ANALYSIS = YES;
				CLANG_WARN_STRICT_PROTOTYPES = YES;
				CLANG_WARN_SUSPICIOUS_MOVE = YES;
				CLANG_WARN_UNGUARDED_AVAILABILITY = YES_AGGRESSIVE;
				CLANG_WARN_UNREACHABLE_CODE = YES;
				CLANG_WARN__DUPLICATE_METHOD_MATCH = YES;
				COPY_PHASE_STRIP = NO;
				DEBUG_INFORMATION_FORMAT = "dwarf-with-dsym";
				ENABLE_NS_ASSERTIONS = NO;
				ENABLE_STRICT_OBJC_MSGSEND = YES;
				GCC_C_LANGUAGE_STANDARD = gnu11;
				GCC_NO_COMMON_BLOCKS = YES;
				GCC_WARN_64_TO_32_BIT_CONVERSION = YES;
				GCC_WARN_ABOUT_RETURN_TYPE = YES_ERROR;
				GCC_WARN_UNDECLARED_SELECTOR = YES;
				GCC_WARN_UNINITIALIZED_AUTOS = YES_AGGRESSIVE;
				GCC_WARN_UNUSED_FUNCTION = YES;
				GCC_WARN_UNUSED_VARIABLE = YES;
				IPHONEOS_DEPLOYMENT_TARGET = 14.4;
				MTL_ENABLE_DEBUG_INFO = NO;
				MTL_FAST_MATH = YES;
				SDKROOT = iphoneos;
				SWIFT_COMPILATION_MODE = wholemodule;
				SWIFT_OPTIMIZATION_LEVEL = "-O";
				VALIDATE_PRODUCT = YES;
			};
			name = Release;
		};
		CC82F23325D7026D0015BEF5 /* Debug */ = {
			isa = XCBuildConfiguration;
			baseConfigurationReference = E6C49ECCAB2D4113C4531E22 /* Pods-Flix.debug.xcconfig */;
			buildSettings = {
				ASSETCATALOG_COMPILER_APPICON_NAME = AppIcon;
				ASSETCATALOG_COMPILER_GLOBAL_ACCENT_COLOR_NAME = AccentColor;
				CODE_SIGN_STYLE = Automatic;
				INFOPLIST_FILE = Flix/Info.plist;
				LD_RUNPATH_SEARCH_PATHS = (
					"$(inherited)",
					"@executable_path/Frameworks",
				);
				PRODUCT_BUNDLE_IDENTIFIER = USF.Flix;
				PRODUCT_NAME = "$(TARGET_NAME)";
				SWIFT_VERSION = 5.0;
				TARGETED_DEVICE_FAMILY = "1,2";
			};
			name = Debug;
		};
		CC82F23425D7026D0015BEF5 /* Release */ = {
			isa = XCBuildConfiguration;
			baseConfigurationReference = 0384CD68DEEE6CAD63091C7D /* Pods-Flix.release.xcconfig */;
			buildSettings = {
				ASSETCATALOG_COMPILER_APPICON_NAME = AppIcon;
				ASSETCATALOG_COMPILER_GLOBAL_ACCENT_COLOR_NAME = AccentColor;
				CODE_SIGN_STYLE = Automatic;
				INFOPLIST_FILE = Flix/Info.plist;
				LD_RUNPATH_SEARCH_PATHS = (
					"$(inherited)",
					"@executable_path/Frameworks",
				);
				PRODUCT_BUNDLE_IDENTIFIER = USF.Flix;
				PRODUCT_NAME = "$(TARGET_NAME)";
				SWIFT_VERSION = 5.0;
				TARGETED_DEVICE_FAMILY = "1,2";
			};
			name = Release;
		};
		CC82F23625D7026D0015BEF5 /* Debug */ = {
			isa = XCBuildConfiguration;
			baseConfigurationReference = 420A386A47A07FB5158D73D3 /* Pods-FlixTests.debug.xcconfig */;
			buildSettings = {
				ALWAYS_EMBED_SWIFT_STANDARD_LIBRARIES = YES;
				BUNDLE_LOADER = "$(TEST_HOST)";
				CODE_SIGN_STYLE = Automatic;
				INFOPLIST_FILE = FlixTests/Info.plist;
				IPHONEOS_DEPLOYMENT_TARGET = 14.4;
				LD_RUNPATH_SEARCH_PATHS = (
					"$(inherited)",
					"@executable_path/Frameworks",
					"@loader_path/Frameworks",
				);
				PRODUCT_BUNDLE_IDENTIFIER = USF.FlixTests;
				PRODUCT_NAME = "$(TARGET_NAME)";
				SWIFT_VERSION = 5.0;
				TARGETED_DEVICE_FAMILY = "1,2";
				TEST_HOST = "$(BUILT_PRODUCTS_DIR)/Flix.app/Flix";
			};
			name = Debug;
		};
		CC82F23725D7026D0015BEF5 /* Release */ = {
			isa = XCBuildConfiguration;
			baseConfigurationReference = 4E1506FC911EC86F3E3DEB69 /* Pods-FlixTests.release.xcconfig */;
			buildSettings = {
				ALWAYS_EMBED_SWIFT_STANDARD_LIBRARIES = YES;
				BUNDLE_LOADER = "$(TEST_HOST)";
				CODE_SIGN_STYLE = Automatic;
				INFOPLIST_FILE = FlixTests/Info.plist;
				IPHONEOS_DEPLOYMENT_TARGET = 14.4;
				LD_RUNPATH_SEARCH_PATHS = (
					"$(inherited)",
					"@executable_path/Frameworks",
					"@loader_path/Frameworks",
				);
				PRODUCT_BUNDLE_IDENTIFIER = USF.FlixTests;
				PRODUCT_NAME = "$(TARGET_NAME)";
				SWIFT_VERSION = 5.0;
				TARGETED_DEVICE_FAMILY = "1,2";
				TEST_HOST = "$(BUILT_PRODUCTS_DIR)/Flix.app/Flix";
			};
			name = Release;
		};
		CC82F23925D7026D0015BEF5 /* Debug */ = {
			isa = XCBuildConfiguration;
			baseConfigurationReference = D0CE34C5964BCDA1440C348D /* Pods-FlixUITests.debug.xcconfig */;
			buildSettings = {
				ALWAYS_EMBED_SWIFT_STANDARD_LIBRARIES = YES;
				CODE_SIGN_STYLE = Automatic;
				INFOPLIST_FILE = FlixUITests/Info.plist;
				LD_RUNPATH_SEARCH_PATHS = (
					"$(inherited)",
					"@executable_path/Frameworks",
					"@loader_path/Frameworks",
				);
				PRODUCT_BUNDLE_IDENTIFIER = USF.FlixUITests;
				PRODUCT_NAME = "$(TARGET_NAME)";
				SWIFT_VERSION = 5.0;
				TARGETED_DEVICE_FAMILY = "1,2";
				TEST_TARGET_NAME = Flix;
			};
			name = Debug;
		};
		CC82F23A25D7026D0015BEF5 /* Release */ = {
			isa = XCBuildConfiguration;
			baseConfigurationReference = 1F01B1E4C15D2B5B25E1DBF4 /* Pods-FlixUITests.release.xcconfig */;
			buildSettings = {
				ALWAYS_EMBED_SWIFT_STANDARD_LIBRARIES = YES;
				CODE_SIGN_STYLE = Automatic;
				INFOPLIST_FILE = FlixUITests/Info.plist;
				LD_RUNPATH_SEARCH_PATHS = (
					"$(inherited)",
					"@executable_path/Frameworks",
					"@loader_path/Frameworks",
				);
				PRODUCT_BUNDLE_IDENTIFIER = USF.FlixUITests;
				PRODUCT_NAME = "$(TARGET_NAME)";
				SWIFT_VERSION = 5.0;
				TARGETED_DEVICE_FAMILY = "1,2";
				TEST_TARGET_NAME = Flix;
			};
			name = Release;
		};
/* End XCBuildConfiguration section */

/* Begin XCConfigurationList section */
		CC82F20325D702620015BEF5 /* Build configuration list for PBXProject "Flix" */ = {
			isa = XCConfigurationList;
			buildConfigurations = (
				CC82F23025D7026D0015BEF5 /* Debug */,
				CC82F23125D7026D0015BEF5 /* Release */,
			);
			defaultConfigurationIsVisible = 0;
			defaultConfigurationName = Release;
		};
		CC82F23225D7026D0015BEF5 /* Build configuration list for PBXNativeTarget "Flix" */ = {
			isa = XCConfigurationList;
			buildConfigurations = (
				CC82F23325D7026D0015BEF5 /* Debug */,
				CC82F23425D7026D0015BEF5 /* Release */,
			);
			defaultConfigurationIsVisible = 0;
			defaultConfigurationName = Release;
		};
		CC82F23525D7026D0015BEF5 /* Build configuration list for PBXNativeTarget "FlixTests" */ = {
			isa = XCConfigurationList;
			buildConfigurations = (
				CC82F23625D7026D0015BEF5 /* Debug */,
				CC82F23725D7026D0015BEF5 /* Release */,
			);
			defaultConfigurationIsVisible = 0;
			defaultConfigurationName = Release;
		};
		CC82F23825D7026D0015BEF5 /* Build configuration list for PBXNativeTarget "FlixUITests" */ = {
			isa = XCConfigurationList;
			buildConfigurations = (
				CC82F23925D7026D0015BEF5 /* Debug */,
				CC82F23A25D7026D0015BEF5 /* Release */,
			);
			defaultConfigurationIsVisible = 0;
			defaultConfigurationName = Release;
		};
/* End XCConfigurationList section */
	};
	rootObject = CC82F20025D702620015BEF5 /* Project object */;
}
